
Microsoft Visual Studio Solution File, Format Version 12.00
# Visual Studio 15
VisualStudioVersion = 15.0.28307.489
MinimumVisualStudioVersion = 10.0.40219.1
Project("{8BC9CEB8-8B4A-11D0-8D11-00A0C91BC942}") = "PatternParser", "PatternParser\PatternParser.vcxproj", "{E2556B55-AFBE-4A9F-8321-FF27F80288FD}"
EndProject
Global
	GlobalSection(SolutionConfigurationPlatforms) = preSolution
		Debug|x64 = Debug|x64
		Debug|x86 = Debug|x86
		Release|x64 = Release|x64
		Release|x86 = Release|x86
	EndGlobalSection
	GlobalSection(ProjectConfigurationPlatforms) = postSolution
		{E2556B55-AFBE-4A9F-8321-FF27F80288FD}.Debug|x64.ActiveCfg = Debug|x64
		{E2556B55-AFBE-4A9F-8321-FF27F80288FD}.Debug|x64.Build.0 = Debug|x64
		{E2556B55-AFBE-4A9F-8321-FF27F80288FD}.Debug|x86.ActiveCfg = Debug|Win32
		{E2556B55-AFBE-4A9F-8321-FF27F80288FD}.Debug|x86.Build.0 = Debug|Win32
		{E2556B55-AFBE-4A9F-8321-FF27F80288FD}.Release|x64.ActiveCfg = Release|x64
		{E2556B55-AFBE-4A9F-8321-FF27F80288FD}.Release|x64.Build.0 = Release|x64
		{E2556B55-AFBE-4A9F-8321-FF27F80288FD}.Release|x86.ActiveCfg = Release|Win32
		{E2556B55-AFBE-4A9F-8321-FF27F80288FD}.Release|x86.Build.0 = Release|Win32
	EndGlobalSection
	GlobalSection(SolutionProperties) = preSolution
		HideSolutionNode = FALSE
	EndGlobalSection
	GlobalSection(ExtensibilityGlobals) = postSolution
		SolutionGuid = {A51D695B-BCD2-402B-87DF-640DBD098389}
	EndGlobalSection
EndGlobal
